github.com/jackstefansky/trayhost v0.0.0-20210702134855-5debfaaf4f3e h1:zqy+ZzsDuXl2MSgfSKDpruckRq57If0AI3VQHsOesBs=
github.com/jackstefansky/trayhost v0.0.0-20210702134855-5debfaaf4f3e/go.mod h1:JZVd/tWnVHABL6ZTSq29oUKdxNY+7NNifV4zMnLMKRU=
github.com/shurcooL/trayhost v0.0.0-20181020202213-114974ef9e16 h1:7EdFnfVUAu1Rv5bNVjaygc2dWu7RiZV804h3qOJtlbM=
github.com/shurcooL/trayhost v0.0.0-20181020202213-114974ef9e16/go.mod h1:jCGK0NF4lbbRrPGyl1Eonb4Xicbeiy2Ry6okvvZWlnQ=
